
Microsoft Visual Studio Solution File, Format Version 12.00
# Visual Studio Version 17
VisualStudioVersion = 17.8.34330.188
MinimumVisualStudioVersion = 10.0.40219.1
Project("{9A19103F-16F7-4668-BE54-9A1E7A4F7556}") = "Akka.Persistence.RavenDb", "Akka.Persistence.RavenDB\Akka.Persistence.RavenDb.csproj", "{34470D3A-5DDA-4236-83FF-3C7C20F050D0}"
EndProject
Project("{9A19103F-16F7-4668-BE54-9A1E7A4F7556}") = "Akka.Persistence.RavenDb.Tests", "Akka.Persistence.RavenDb.Tests\Akka.Persistence.RavenDb.Tests.csproj", "{A536E90C-D20C-43C6-A45C-0F082F738128}"
EndProject
Project("{FAE04EC0-301F-11D3-BF4B-00C04F79EFBC}") = "Akka.Persistence.RavenDb.Hosting", "Akka.Persistence.RavenDb.Hosting\Akka.Persistence.RavenDb.Hosting.csproj", "{3E0BA870-9491-4859-9E6C-83A1B3E147C2}"
EndProject
Global
	GlobalSection(SolutionConfigurationPlatforms) = preSolution
		Debug|Any CPU = Debug|Any CPU
		Release|Any CPU = Release|Any CPU
	EndGlobalSection
	GlobalSection(ProjectConfigurationPlatforms) = postSolution
		{34470D3A-5DDA-4236-83FF-3C7C20F050D0}.Debug|Any CPU.ActiveCfg = Debug|Any CPU
		{34470D3A-5DDA-4236-83FF-3C7C20F050D0}.Debug|Any CPU.Build.0 = Debug|Any CPU
		{34470D3A-5DDA-4236-83FF-3C7C20F050D0}.Release|Any CPU.ActiveCfg = Release|Any CPU
		{34470D3A-5DDA-4236-83FF-3C7C20F050D0}.Release|Any CPU.Build.0 = Release|Any CPU
		{A536E90C-D20C-43C6-A45C-0F082F738128}.Debug|Any CPU.ActiveCfg = Debug|Any CPU
		{A536E90C-D20C-43C6-A45C-0F082F738128}.Debug|Any CPU.Build.0 = Debug|Any CPU
		{A536E90C-D20C-43C6-A45C-0F082F738128}.Release|Any CPU.ActiveCfg = Release|Any CPU
		{A536E90C-D20C-43C6-A45C-0F082F738128}.Release|Any CPU.Build.0 = Release|Any CPU
		{3E0BA870-9491-4859-9E6C-83A1B3E147C2}.Debug|Any CPU.ActiveCfg = Debug|Any CPU
		{3E0BA870-9491-4859-9E6C-83A1B3E147C2}.Debug|Any CPU.Build.0 = Debug|Any CPU
		{3E0BA870-9491-4859-9E6C-83A1B3E147C2}.Release|Any CPU.ActiveCfg = Release|Any CPU
		{3E0BA870-9491-4859-9E6C-83A1B3E147C2}.Release|Any CPU.Build.0 = Release|Any CPU
	EndGlobalSection
	GlobalSection(SolutionProperties) = preSolution
		HideSolutionNode = FALSE
	EndGlobalSection
	GlobalSection(ExtensibilityGlobals) = postSolution
		SolutionGuid = {8F60D2C0-FE2E-4ADC-A6C2-3C39329D39D8}
	EndGlobalSection
EndGlobal
